// !$*UTF8*$!
{
	archiveVersion = 1;
	classes = {
	};
	objectVersion = 50;
	objects = {

/* Begin PBXBuildFile section */
		CEA84ACC2A5DB121009DB033 /* AppDelegate.swift in Sources */ = {isa = PBXBuildFile; fileRef = CEA84ACB2A5DB121009DB033 /* AppDelegate.swift */; };
		CEA84ACE2A5DB121009DB033 /* SceneDelegate.swift in Sources */ = {isa = PBXBuildFile; fileRef = CEA84ACD2A5DB121009DB033 /* SceneDelegate.swift */; };
		CEA84AD02A5DB121009DB033 /* ViewController.swift in Sources */ = {isa = PBXBuildFile; fileRef = CEA84ACF2A5DB121009DB033 /* ViewController.swift */; };
		CEA84AD32A5DB121009DB033 /* Main.storyboard in Resources */ = {isa = PBXBuildFile; fileRef = CEA84AD12A5DB121009DB033 /* Main.storyboard */; };
		CEA84AD52A5DB124009DB033 /* Assets.xcassets in Resources */ = {isa = PBXBuildFile; fileRef = CEA84AD42A5DB124009DB033 /* Assets.xcassets */; };
		CEA84AD82A5DB124009DB033 /* LaunchScreen.storyboard in Resources */ = {isa = PBXBuildFile; fileRef = CEA84AD62A5DB124009DB033 /* LaunchScreen.storyboard */; };
		CEA84AE32A5DB125009DB033 /* TwitterTests.swift in Sources */ = {isa = PBXBuildFile; fileRef = CEA84AE22A5DB125009DB033 /* TwitterTests.swift */; };
		CEA84AEE2A5DB125009DB033 /* TwitterUITests.swift in Sources */ = {isa = PBXBuildFile; fileRef = CEA84AED2A5DB125009DB033 /* TwitterUITests.swift */; };
/* End PBXBuildFile section */

/* Begin PBXContainerItemProxy section */
		CEA84ADF2A5DB125009DB033 /* PBXContainerItemProxy */ = {
			isa = PBXContainerItemProxy;
			containerPortal = CEA84AC02A5DB121009DB033 /* Project object */;
			proxyType = 1;
			remoteGlobalIDString = CEA84AC72A5DB121009DB033;
			remoteInfo = Twitter;
		};
		CEA84AEA2A5DB125009DB033 /* PBXContainerItemProxy */ = {
			isa = PBXContainerItemProxy;
			containerPortal = CEA84AC02A5DB121009DB033 /* Project object */;
			proxyType = 1;
			remoteGlobalIDString = CEA84AC72A5DB121009DB033;
			remoteInfo = Twitter;
		};
/* End PBXContainerItemProxy section */

/* Begin PBXFileReference section */
		CEA84AC82A5DB121009DB033 /* Twitter.app */ = {isa = PBXFileReference; explicitFileType = wrapper.application; includeInIndex = 0; path = Twitter.app; sourceTree = BUILT_PRODUCTS_DIR; };
		CEA84ACB2A5DB121009DB033 /* AppDelegate.swift */ = {isa = PBXFileReference; lastKnownFileType = sourcecode.swift; path = AppDelegate.swift; sourceTree = "<group>"; };
		CEA84ACD2A5DB121009DB033 /* SceneDelegate.swift */ = {isa = PBXFileReference; lastKnownFileType = sourcecode.swift; path = SceneDelegate.swift; sourceTree = "<group>"; };
		CEA84ACF2A5DB121009DB033 /* ViewController.swift */ = {isa = PBXFileReference; lastKnownFileType = sourcecode.swift; path = ViewController.swift; sourceTree = "<group>"; };
		CEA84AD22A5DB121009DB033 /* Base */ = {isa = PBXFileReference; lastKnownFileType = file.storyboard; name = Base; path = Base.lproj/Main.storyboard; sourceTree = "<group>"; };
		CEA84AD42A5DB124009DB033 /* Assets.xcassets */ = {isa = PBXFileReference; lastKnownFileType = folder.assetcatalog; path = Assets.xcassets; sourceTree = "<group>"; };
		CEA84AD72A5DB124009DB033 /* Base */ = {isa = PBXFileReference; lastKnownFileType = file.storyboard; name = Base; path = Base.lproj/LaunchScreen.storyboard; sourceTree = "<group>"; };
		CEA84AD92A5DB124009DB033 /* Info.plist */ = {isa = PBXFileReference; lastKnownFileType = text.plist.xml; path = Info.plist; sourceTree = "<group>"; };
		CEA84ADE2A5DB125009DB033 /* TwitterTests.xctest */ = {isa = PBXFileReference; explicitFileType = wrapper.cfbundle; includeInIndex = 0; path = TwitterTests.xctest; sourceTree = BUILT_PRODUCTS_DIR; };
		CEA84AE22A5DB125009DB033 /* TwitterTests.swift */ = {isa = PBXFileReference; lastKnownFileType = sourcecode.swift; path = TwitterTests.swift; sourceTree = "<group>"; };
		CEA84AE42A5DB125009DB033 /* Info.plist */ = {isa = PBXFileReference; lastKnownFileType = text.plist.xml; path = Info.plist; sourceTree = "<group>"; };
		CEA84AE92A5DB125009DB033 /* TwitterUITests.xctest */ = {isa = PBXFileReference; explicitFileType = wrapper.cfbundle; includeInIndex = 0; path = TwitterUITests.xctest; sourceTree = BUILT_PRODUCTS_DIR; };
		CEA84AED2A5DB125009DB033 /* TwitterUITests.swift */ = {isa = PBXFileReference; lastKnownFileType = sourcecode.swift; path = TwitterUITests.swift; sourceTree = "<group>"; };
		CEA84AEF2A5DB125009DB033 /* Info.plist */ = {isa = PBXFileReference; lastKnownFileType = text.plist.xml; path = Info.plist; sourceTree = "<group>"; };
/* End PBXFileReference section */

/* Begin PBXFrameworksBuildPhase section */
		CEA84AC52A5DB121009DB033 /* Frameworks */ = {
			isa = PBXFrameworksBuildPhase;
			buildActionMask = 2147483647;
			files = (
			);
			runOnlyForDeploymentPostprocessing = 0;
		};
		CEA84ADB2A5DB125009DB033 /* Frameworks */ = {
			isa = PBXFrameworksBuildPhase;
			buildActionMask = 2147483647;
			files = (
			);
			runOnlyForDeploymentPostprocessing = 0;
		};
		CEA84AE62A5DB125009DB033 /* Frameworks */ = {
			isa = PBXFrameworksBuildPhase;
			buildActionMask = 2147483647;
			files = (
			);
			runOnlyForDeploymentPostprocessing = 0;
		};
/* End PBXFrameworksBuildPhase section */

/* Begin PBXGroup section */
		CEA84ABF2A5DB121009DB033 = {
			isa = PBXGroup;
			children = (
				CEA84ACA2A5DB121009DB033 /* Twitter */,
				CEA84AE12A5DB125009DB033 /* TwitterTests */,
				CEA84AEC2A5DB125009DB033 /* TwitterUITests */,
				CEA84AC92A5DB121009DB033 /* Products */,
			);
			sourceTree = "<group>";
		};
		CEA84AC92A5DB121009DB033 /* Products */ = {
			isa = PBXGroup;
			children = (
				CEA84AC82A5DB121009DB033 /* Twitter.app */,
				CEA84ADE2A5DB125009DB033 /* TwitterTests.xctest */,
				CEA84AE92A5DB125009DB033 /* TwitterUITests.xctest */,
			);
			name = Products;
			sourceTree = "<group>";
		};
		CEA84ACA2A5DB121009DB033 /* Twitter */ = {
			isa = PBXGroup;
			children = (
				CEA84ACB2A5DB121009DB033 /* AppDelegate.swift */,
				CEA84ACD2A5DB121009DB033 /* SceneDelegate.swift */,
				CEA84ACF2A5DB121009DB033 /* ViewController.swift */,
				CEA84AD12A5DB121009DB033 /* Main.storyboard */,
				CEA84AD42A5DB124009DB033 /* Assets.xcassets */,
				CEA84AD62A5DB124009DB033 /* LaunchScreen.storyboard */,
				CEA84AD92A5DB124009DB033 /* Info.plist */,
			);
			path = Twitter;
			sourceTree = "<group>";
		};
		CEA84AE12A5DB125009DB033 /* TwitterTests */ = {
			isa = PBXGroup;
			children = (
				CEA84AE22A5DB125009DB033 /* TwitterTests.swift */,
				CEA84AE42A5DB125009DB033 /* Info.plist */,
			);
			path = TwitterTests;
			sourceTree = "<group>";
		};
		CEA84AEC2A5DB125009DB033 /* TwitterUITests */ = {
			isa = PBXGroup;
			children = (
				CEA84AED2A5DB125009DB033 /* TwitterUITests.swift */,
				CEA84AEF2A5DB125009DB033 /* Info.plist */,
			);
			path = TwitterUITests;
			sourceTree = "<group>";
		};
/* End PBXGroup section */

/* Begin PBXNativeTarget section */
		CEA84AC72A5DB121009DB033 /* Twitter */ = {
			isa = PBXNativeTarget;
			buildConfigurationList = CEA84AF22A5DB125009DB033 /* Build configuration list for PBXNativeTarget "Twitter" */;
			buildPhases = (
				CEA84AC42A5DB121009DB033 /* Sources */,
				CEA84AC52A5DB121009DB033 /* Frameworks */,
				CEA84AC62A5DB121009DB033 /* Resources */,
			);
			buildRules = (
			);
			dependencies = (
			);
			name = Twitter;
			productName = Twitter;
			productReference = CEA84AC82A5DB121009DB033 /* Twitter.app */;
			productType = "com.apple.product-type.application";
		};
		CEA84ADD2A5DB125009DB033 /* TwitterTests */ = {
			isa = PBXNativeTarget;
			buildConfigurationList = CEA84AF52A5DB125009DB033 /* Build configuration list for PBXNativeTarget "TwitterTests" */;
			buildPhases = (
				CEA84ADA2A5DB125009DB033 /* Sources */,
				CEA84ADB2A5DB125009DB033 /* Frameworks */,
				CEA84ADC2A5DB125009DB033 /* Resources */,
			);
			buildRules = (
			);
			dependencies = (
				CEA84AE02A5DB125009DB033 /* PBXTargetDependency */,
			);
			name = TwitterTests;
			productName = TwitterTests;
			productReference = CEA84ADE2A5DB125009DB033 /* TwitterTests.xctest */;
			productType = "com.apple.product-type.bundle.unit-test";
		};
		CEA84AE82A5DB125009DB033 /* TwitterUITests */ = {
			isa = PBXNativeTarget;
			buildConfigurationList = CEA84AF82A5DB125009DB033 /* Build configuration list for PBXNativeTarget "TwitterUITests" */;
			buildPhases = (
				CEA84AE52A5DB125009DB033 /* Sources */,
				CEA84AE62A5DB125009DB033 /* Frameworks */,
				CEA84AE72A5DB125009DB033 /* Resources */,
			);
			buildRules = (
			);
			dependencies = (
				CEA84AEB2A5DB125009DB033 /* PBXTargetDependency */,
			);
			name = TwitterUITests;
			productName = TwitterUITests;
			productReference = CEA84AE92A5DB125009DB033 /* TwitterUITests.xctest */;
			productType = "com.apple.product-type.bundle.ui-testing";
		};
/* End PBXNativeTarget section */

/* Begin PBXProject section */
		CEA84AC02A5DB121009DB033 /* Project object */ = {
			isa = PBXProject;
			attributes = {
				LastSwiftUpdateCheck = 1250;
				LastUpgradeCheck = 1250;
				TargetAttributes = {
					CEA84AC72A5DB121009DB033 = {
						CreatedOnToolsVersion = 12.5.1;
					};
					CEA84ADD2A5DB125009DB033 = {
						CreatedOnToolsVersion = 12.5.1;
						TestTargetID = CEA84AC72A5DB121009DB033;
					};
					CEA84AE82A5DB125009DB033 = {
						CreatedOnToolsVersion = 12.5.1;
						TestTargetID = CEA84AC72A5DB121009DB033;
					};
				};
			};
			buildConfigurationList = CEA84AC32A5DB121009DB033 /* Build configuration list for PBXProject "Twitter" */;
			compatibilityVersion = "Xcode 9.3";
			developmentRegion = en;
			hasScannedForEncodings = 0;
			knownRegions = (
				en,
				Base,
			);
			mainGroup = CEA84ABF2A5DB121009DB033;
			productRefGroup = CEA84AC92A5DB121009DB033 /* Products */;
			projectDirPath = "";
			projectRoot = "";
			targets = (
				CEA84AC72A5DB121009DB033 /* Twitter */,
				CEA84ADD2A5DB125009DB033 /* TwitterTests */,
				CEA84AE82A5DB125009DB033 /* TwitterUITests */,
			);
		};
/* End PBXProject section */

/* Begin PBXResourcesBuildPhase section */
		CEA84AC62A5DB121009DB033 /* Resources */ = {
			isa = PBXResourcesBuildPhase;
			buildActionMask = 2147483647;
			files = (
				CEA84AD82A5DB124009DB033 /* LaunchScreen.storyboard in Resources */,
				CEA84AD52A5DB124009DB033 /* Assets.xcassets in Resources */,
				CEA84AD32A5DB121009DB033 /* Main.storyboard in Resources */,
			);
			runOnlyForDeploymentPostprocessing = 0;
		};
		CEA84ADC2A5DB125009DB033 /* Resources */ = {
			isa = PBXResourcesBuildPhase;
			buildActionMask = 2147483647;
			files = (
			);
			runOnlyForDeploymentPostprocessing = 0;
		};
		CEA84AE72A5DB125009DB033 /* Resources */ = {
			isa = PBXResourcesBuildPhase;
			buildActionMask = 2147483647;
			files = (
			);
			runOnlyForDeploymentPostprocessing = 0;
		};
/* End PBXResourcesBuildPhase section */

/* Begin PBXSourcesBuildPhase section */
		CEA84AC42A5DB121009DB033 /* Sources */ = {
			isa = PBXSourcesBuildPhase;
			buildActionMask = 2147483647;
			files = (
				CEA84AD02A5DB121009DB033 /* ViewController.swift in Sources */,
				CEA84ACC2A5DB121009DB033 /* AppDelegate.swift in Sources */,
				CEA84ACE2A5DB121009DB033 /* SceneDelegate.swift in Sources */,
			);
			runOnlyForDeploymentPostprocessing = 0;
		};
		CEA84ADA2A5DB125009DB033 /* Sources */ = {
			isa = PBXSourcesBuildPhase;
			buildActionMask = 2147483647;
			files = (
				CEA84AE32A5DB125009DB033 /* TwitterTests.swift in Sources */,
			);
			runOnlyForDeploymentPostprocessing = 0;
		};
		CEA84AE52A5DB125009DB033 /* Sources */ = {
			isa = PBXSourcesBuildPhase;
			buildActionMask = 2147483647;
			files = (
				CEA84AEE2A5DB125009DB033 /* TwitterUITests.swift in Sources */,
			);
			runOnlyForDeploymentPostprocessing = 0;
		};
/* End PBXSourcesBuildPhase section */

/* Begin PBXTargetDependency section */
		CEA84AE02A5DB125009DB033 /* PBXTargetDependency */ = {
			isa = PBXTargetDependency;
			target = CEA84AC72A5DB121009DB033 /* Twitter */;
			targetProxy = CEA84ADF2A5DB125009DB033 /* PBXContainerItemProxy */;
		};
		CEA84AEB2A5DB125009DB033 /* PBXTargetDependency */ = {
			isa = PBXTargetDependency;
			target = CEA84AC72A5DB121009DB033 /* Twitter */;
			targetProxy = CEA84AEA2A5DB125009DB033 /* PBXContainerItemProxy */;
		};
/* End PBXTargetDependency section */

/* Begin PBXVariantGroup section */
		CEA84AD12A5DB121009DB033 /* Main.storyboard */ = {
			isa = PBXVariantGroup;
			children = (
				CEA84AD22A5DB121009DB033 /* Base */,
			);
			name = Main.storyboard;
			sourceTree = "<group>";
		};
		CEA84AD62A5DB124009DB033 /* LaunchScreen.storyboard */ = {
			isa = PBXVariantGroup;
			children = (
				CEA84AD72A5DB124009DB033 /* Base */,
			);
			name = LaunchScreen.storyboard;
			sourceTree = "<group>";
		};
/* End PBXVariantGroup section */

/* Begin XCBuildConfiguration section */
		CEA84AF02A5DB125009DB033 /* Debug */ = {
			isa = XCBuildConfiguration;
			buildSettings = {
				ALWAYS_SEARCH_USER_PATHS = NO;
				CLANG_ANALYZER_NONNULL = YES;
				CLANG_ANALYZER_NUMBER_OBJECT_CONVERSION = YES_AGGRESSIVE;
				CLANG_CXX_LANGUAGE_STANDARD = "gnu++14";
				CLANG_CXX_LIBRARY = "libc++";
				CLANG_ENABLE_MODULES = YES;
				CLANG_ENABLE_OBJC_ARC = YES;
				CLANG_ENABLE_OBJC_WEAK = YES;
				CLANG_WARN_BLOCK_CAPTURE_AUTORELEASING = YES;
				CLANG_WARN_BOOL_CONVERSION = YES;
				CLANG_WARN_COMMA = YES;
				CLANG_WARN_CONSTANT_CONVERSION = YES;
				CLANG_WARN_DEPRECATED_OBJC_IMPLEMENTATIONS = YES;
				CLANG_WARN_DIRECT_OBJC_ISA_USAGE = YES_ERROR;
				CLANG_WARN_DOCUMENTATION_COMMENTS = YES;
				CLANG_WARN_EMPTY_BODY = YES;
				CLANG_WARN_ENUM_CONVERSION = YES;
				CLANG_WARN_INFINITE_RECURSION = YES;
				CLANG_WARN_INT_CONVERSION = YES;
				CLANG_WARN_NON_LITERAL_NULL_CONVERSION = YES;
				CLANG_WARN_OBJC_IMPLICIT_RETAIN_SELF = YES;
				CLANG_WARN_OBJC_LITERAL_CONVERSION = YES;
				CLANG_WARN_OBJC_ROOT_CLASS = YES_ERROR;
				CLANG_WARN_QUOTED_INCLUDE_IN_FRAMEWORK_HEADER = YES;
				CLANG_WARN_RANGE_LOOP_ANALYSIS = YES;
				CLANG_WARN_STRICT_PROTOTYPES = YES;
				CLANG_WARN_SUSPICIOUS_MOVE = YES;
				CLANG_WARN_UNGUARDED_AVAILABILITY = YES_AGGRESSIVE;
				CLANG_WARN_UNREACHABLE_CODE = YES;
				CLANG_WARN__DUPLICATE_METHOD_MATCH = YES;
				COPY_PHASE_STRIP = NO;
				DEBUG_INFORMATION_FORMAT = dwarf;
				ENABLE_STRICT_OBJC_MSGSEND = YES;
				ENABLE_TESTABILITY = YES;
				GCC_C_LANGUAGE_STANDARD = gnu11;
				GCC_DYNAMIC_NO_PIC = NO;
				GCC_NO_COMMON_BLOCKS = YES;
				GCC_OPTIMIZATION_LEVEL = 0;
				GCC_PREPROCESSOR_DEFINITIONS = (
					"DEBUG=1",
					"$(inherited)",
				);
				GCC_WARN_64_TO_32_BIT_CONVERSION = YES;
				GCC_WARN_ABOUT_RETURN_TYPE = YES_ERROR;
				GCC_WARN_UNDECLARED_SELECTOR = YES;
				GCC_WARN_UNINITIALIZED_AUTOS = YES_AGGRESSIVE;
				GCC_WARN_UNUSED_FUNCTION = YES;
				GCC_WARN_UNUSED_VARIABLE = YES;
				IPHONEOS_DEPLOYMENT_TARGET = 14.5;
				MTL_ENABLE_DEBUG_INFO = INCLUDE_SOURCE;
				MTL_FAST_MATH = YES;
				ONLY_ACTIVE_ARCH = YES;
				SDKROOT = iphoneos;
				SWIFT_ACTIVE_COMPILATION_CONDITIONS = DEBUG;
				SWIFT_OPTIMIZATION_LEVEL = "-Onone";
			};
			name = Debug;
		};
		CEA84AF12A5DB125009DB033 /* Release */ = {
			isa = XCBuildConfiguration;
			buildSettings = {
				ALWAYS_SEARCH_USER_PATHS = NO;
				CLANG_ANALYZER_NONNULL = YES;
				CLANG_ANALYZER_NUMBER_OBJECT_CONVERSION = YES_AGGRESSIVE;
				CLANG_CXX_LANGUAGE_STANDARD = "gnu++14";
				CLANG_CXX_LIBRARY = "libc++";
				CLANG_ENABLE_MODULES = YES;
				CLANG_ENABLE_OBJC_ARC = YES;
				CLANG_ENABLE_OBJC_WEAK = YES;
				CLANG_WARN_BLOCK_CAPTURE_AUTORELEASING = YES;
				CLANG_WARN_BOOL_CONVERSION = YES;
				CLANG_WARN_COMMA = YES;
				CLANG_WARN_CONSTANT_CONVERSION = YES;
				CLANG_WARN_DEPRECATED_OBJC_IMPLEMENTATIONS = YES;
				CLANG_WARN_DIRECT_OBJC_ISA_USAGE = YES_ERROR;
				CLANG_WARN_DOCUMENTATION_COMMENTS = YES;
				CLANG_WARN_EMPTY_BODY = YES;
				CLANG_WARN_ENUM_CONVERSION = YES;
				CLANG_WARN_INFINITE_RECURSION = YES;
				CLANG_WARN_INT_CONVERSION = YES;
				CLANG_WARN_NON_LITERAL_NULL_CONVERSION = YES;
				CLANG_WARN_OBJC_IMPLICIT_RETAIN_SELF = YES;
				CLANG_WARN_OBJC_LITERAL_CONVERSION = YES;
				CLANG_WARN_OBJC_ROOT_CLASS = YES_ERROR;
				CLANG_WARN_QUOTED_INCLUDE_IN_FRAMEWORK_HEADER = YES;
				CLANG_WARN_RANGE_LOOP_ANALYSIS = YES;
				CLANG_WARN_STRICT_PROTOTYPES = YES;
				CLANG_WARN_SUSPICIOUS_MOVE = YES;
				CLANG_WARN_UNGUARDED_AVAILABILITY = YES_AGGRESSIVE;
				CLANG_WARN_UNREACHABLE_CODE = YES;
				CLANG_WARN__DUPLICATE_METHOD_MATCH = YES;
				COPY_PHASE_STRIP = NO;
				DEBUG_INFORMATION_FORMAT = "dwarf-with-dsym";
				ENABLE_NS_ASSERTIONS = NO;
				ENABLE_STRICT_OBJC_MSGSEND = YES;
				GCC_C_LANGUAGE_STANDARD = gnu11;
				GCC_NO_COMMON_BLOCKS = YES;
				GCC_WARN_64_TO_32_BIT_CONVERSION = YES;
				GCC_WARN_ABOUT_RETURN_TYPE = YES_ERROR;
				GCC_WARN_UNDECLARED_SELECTOR = YES;
				GCC_WARN_UNINITIALIZED_AUTOS = YES_AGGRESSIVE;
				GCC_WARN_UNUSED_FUNCTION = YES;
				GCC_WARN_UNUSED_VARIABLE = YES;
				IPHONEOS_DEPLOYMENT_TARGET = 14.5;
				MTL_ENABLE_DEBUG_INFO = NO;
				MTL_FAST_MATH = YES;
				SDKROOT = iphoneos;
				SWIFT_COMPILATION_MODE = wholemodule;
				SWIFT_OPTIMIZATION_LEVEL = "-O";
				VALIDATE_PRODUCT = YES;
			};
			name = Release;
		};
		CEA84AF32A5DB125009DB033 /* Debug */ = {
			isa = XCBuildConfiguration;
			buildSettings = {
				ASSETCATALOG_COMPILER_APPICON_NAME = AppIcon;
				ASSETCATALOG_COMPILER_GLOBAL_ACCENT_COLOR_NAME = AccentColor;
				CODE_SIGN_STYLE = Automatic;
				DEVELOPMENT_TEAM = VX452D4486;
				INFOPLIST_FILE = Twitter/Info.plist;
				LD_RUNPATH_SEARCH_PATHS = (
					"$(inherited)",
					"@executable_path/Frameworks",
				);
				PRODUCT_BUNDLE_IDENTIFIER = com.nikkitran.Twitter;
				PRODUCT_NAME = "$(TARGET_NAME)";
				SWIFT_VERSION = 5.0;
				TARGETED_DEVICE_FAMILY = "1,2";
			};
			name = Debug;
		};
		CEA84AF42A5DB125009DB033 /* Release */ = {
			isa = XCBuildConfiguration;
			buildSettings = {
				ASSETCATALOG_COMPILER_APPICON_NAME = AppIcon;
				ASSETCATALOG_COMPILER_GLOBAL_ACCENT_COLOR_NAME = AccentColor;
				CODE_SIGN_STYLE = Automatic;
				DEVELOPMENT_TEAM = VX452D4486;
				INFOPLIST_FILE = Twitter/Info.plist;
				LD_RUNPATH_SEARCH_PATHS = (
					"$(inherited)",
					"@executable_path/Frameworks",
				);
				PRODUCT_BUNDLE_IDENTIFIER = com.nikkitran.Twitter;
				PRODUCT_NAME = "$(TARGET_NAME)";
				SWIFT_VERSION = 5.0;
				TARGETED_DEVICE_FAMILY = "1,2";
			};
			name = Release;
		};
		CEA84AF62A5DB125009DB033 /* Debug */ = {
			isa = XCBuildConfiguration;
			buildSettings = {
				ALWAYS_EMBED_SWIFT_STANDARD_LIBRARIES = YES;
				BUNDLE_LOADER = "$(TEST_HOST)";
				CODE_SIGN_STYLE = Automatic;
				DEVELOPMENT_TEAM = VX452D4486;
				INFOPLIST_FILE = TwitterTests/Info.plist;
				IPHONEOS_DEPLOYMENT_TARGET = 14.5;
				LD_RUNPATH_SEARCH_PATHS = (
					"$(inherited)",
					"@executable_path/Frameworks",
					"@loader_path/Frameworks",
				);
				PRODUCT_BUNDLE_IDENTIFIER = com.nikkitran.TwitterTests;
				PRODUCT_NAME = "$(TARGET_NAME)";
				SWIFT_VERSION = 5.0;
				TARGETED_DEVICE_FAMILY = "1,2";
				TEST_HOST = "$(BUILT_PRODUCTS_DIR)/Twitter.app/Twitter";
			};
			name = Debug;
		};
		CEA84AF72A5DB125009DB033 /* Release */ = {
			isa = XCBuildConfiguration;
			buildSettings = {
				ALWAYS_EMBED_SWIFT_STANDARD_LIBRARIES = YES;
				BUNDLE_LOADER = "$(TEST_HOST)";
				CODE_SIGN_STYLE = Automatic;
				DEVELOPMENT_TEAM = VX452D4486;
				INFOPLIST_FILE = TwitterTests/Info.plist;
				IPHONEOS_DEPLOYMENT_TARGET = 14.5;
				LD_RUNPATH_SEARCH_PATHS = (
					"$(inherited)",
					"@executable_path/Frameworks",
					"@loader_path/Frameworks",
				);
				PRODUCT_BUNDLE_IDENTIFIER = com.nikkitran.TwitterTests;
				PRODUCT_NAME = "$(TARGET_NAME)";
				SWIFT_VERSION = 5.0;
				TARGETED_DEVICE_FAMILY = "1,2";
				TEST_HOST = "$(BUILT_PRODUCTS_DIR)/Twitter.app/Twitter";
			};
			name = Release;
		};
		CEA84AF92A5DB125009DB033 /* Debug */ = {
			isa = XCBuildConfiguration;
			buildSettings = {
				ALWAYS_EMBED_SWIFT_STANDARD_LIBRARIES = YES;
				CODE_SIGN_STYLE = Automatic;
				DEVELOPMENT_TEAM = VX452D4486;
				INFOPLIST_FILE = TwitterUITests/Info.plist;
				LD_RUNPATH_SEARCH_PATHS = (
					"$(inherited)",
					"@executable_path/Frameworks",
					"@loader_path/Frameworks",
				);
				PRODUCT_BUNDLE_IDENTIFIER = com.nikkitran.TwitterUITests;
				PRODUCT_NAME = "$(TARGET_NAME)";
				SWIFT_VERSION = 5.0;
				TARGETED_DEVICE_FAMILY = "1,2";
				TEST_TARGET_NAME = Twitter;
			};
			name = Debug;
		};
		CEA84AFA2A5DB125009DB033 /* Release */ = {
			isa = XCBuildConfiguration;
			buildSettings = {
				ALWAYS_EMBED_SWIFT_STANDARD_LIBRARIES = YES;
				CODE_SIGN_STYLE = Automatic;
				DEVELOPMENT_TEAM = VX452D4486;
				INFOPLIST_FILE = TwitterUITests/Info.plist;
				LD_RUNPATH_SEARCH_PATHS = (
					"$(inherited)",
					"@executable_path/Frameworks",
					"@loader_path/Frameworks",
				);
				PRODUCT_BUNDLE_IDENTIFIER = com.nikkitran.TwitterUITests;
				PRODUCT_NAME = "$(TARGET_NAME)";
				SWIFT_VERSION = 5.0;
				TARGETED_DEVICE_FAMILY = "1,2";
				TEST_TARGET_NAME = Twitter;
			};
			name = Release;
		};
/* End XCBuildConfiguration section */

/* Begin XCConfigurationList section */
		CEA84AC32A5DB121009DB033 /* Build configuration list for PBXProject "Twitter" */ = {
			isa = XCConfigurationList;
			buildConfigurations = (
				CEA84AF02A5DB125009DB033 /* Debug */,
				CEA84AF12A5DB125009DB033 /* Release */,
			);
			defaultConfigurationIsVisible = 0;
			defaultConfigurationName = Release;
		};
		CEA84AF22A5DB125009DB033 /* Build configuration list for PBXNativeTarget "Twitter" */ = {
			isa = XCConfigurationList;
			buildConfigurations = (
				CEA84AF32A5DB125009DB033 /* Debug */,
				CEA84AF42A5DB125009DB033 /* Release */,
			);
			defaultConfigurationIsVisible = 0;
			defaultConfigurationName = Release;
		};
		CEA84AF52A5DB125009DB033 /* Build configuration list for PBXNativeTarget "TwitterTests" */ = {
			isa = XCConfigurationList;
			buildConfigurations = (
				CEA84AF62A5DB125009DB033 /* Debug */,
				CEA84AF72A5DB125009DB033 /* Release */,
			);
			defaultConfigurationIsVisible = 0;
			defaultConfigurationName = Release;
		};
		CEA84AF82A5DB125009DB033 /* Build configuration list for PBXNativeTarget "TwitterUITests" */ = {
			isa = XCConfigurationList;
			buildConfigurations = (
				CEA84AF92A5DB125009DB033 /* Debug */,
				CEA84AFA2A5DB125009DB033 /* Release */,
			);
			defaultConfigurationIsVisible = 0;
			defaultConfigurationName = Release;
		};
/* End XCConfigurationList section */
	};
	rootObject = CEA84AC02A5DB121009DB033 /* Project object */;
}
